
Microsoft Visual Studio Solution File, Format Version 12.00
# Visual Studio 2012
Project("{888888A0-9F3D-457C-B088-3A5042F75D52}") = "Code_Snippet003", "..\..\Visual Studio 2012\Projects\Code_Snippet003\Code_Snippet003\Code_Snippet003.pyproj", "{FA9723AD-46E1-4432-B990-BB269C10EB21}"
EndProject
Global
	GlobalSection(SolutionConfigurationPlatforms) = preSolution
		Debug|Any CPU = Debug|Any CPU
		Release|Any CPU = Release|Any CPU
	EndGlobalSection
	GlobalSection(ProjectConfigurationPlatforms) = postSolution
		{FA9723AD-46E1-4432-B990-BB269C10EB21}.Debug|Any CPU.ActiveCfg = Debug|Any CPU
		{FA9723AD-46E1-4432-B990-BB269C10EB21}.Debug|Any CPU.Build.0 = Debug|Any CPU
		{FA9723AD-46E1-4432-B990-BB269C10EB21}.Release|Any CPU.ActiveCfg = Release|Any CPU
		{FA9723AD-46E1-4432-B990-BB269C10EB21}.Release|Any CPU.Build.0 = Release|Any CPU
	EndGlobalSection
	GlobalSection(SolutionProperties) = preSolution
		HideSolutionNode = FALSE
	EndGlobalSection
EndGlobal
